<Solution>
  <Project Path="Exercicio_01/Exercicio_01.csproj" Id="528e4c40-fb1d-400d-8a94-7685380c8aa0" />
  <Project Path="Exercicio_02/Exercicio_02.csproj" Id="97c06622-f23e-4849-a52c-6b769dadb6e8" />
  <Project Path="Exercicio_03/Exercicio_03.csproj" Id="dcbf99fa-ad80-440c-84fb-c7aa7c176737" />
</Solution>
